# This file is automatically @generated by Cargo.
# It is not intended for manual editing.
[[package]]
name = "d01"
version = "0.1.0"
dependencies = [
 "file-reader",
]

[[package]]
name = "d02"
version = "0.1.0"
dependencies = [
 "file-reader",
]

[[package]]
name = "d03"
version = "0.1.0"
dependencies = [
 "file-reader",
]

[[package]]
name = "d04"
version = "0.1.0"
dependencies = [
 "file-reader",
]

[[package]]
name = "d05"
version = "0.1.0"
dependencies = [
 "file-reader",
]

[[package]]
name = "d06"
version = "0.1.0"
dependencies = [
 "file-reader",
]

[[package]]
name = "d07"
version = "0.1.0"
dependencies = [
 "file-reader",
]

[[package]]
name = "d08"
version = "0.1.0"
dependencies = [
 "file-reader",
]

[[package]]
name = "d09"
version = "0.1.0"
dependencies = [
 "file-reader",
]

[[package]]
name = "d10"
version = "0.1.0"
dependencies = [
 "file-reader",
]

[[package]]
name = "d11"
version = "0.1.0"
dependencies = [
 "file-reader",
]

[[package]]
name = "d12"
version = "0.1.0"
dependencies = [
 "file-reader",
]

[[package]]
name = "file-reader"
version = "0.1.0"
